
Microsoft Visual Studio Solution File, Format Version 12.00
# Visual Studio 15
Project("{FAE04EC0-301F-11D3-BF4B-00C04F79EFBC}") = "Ludo", "Ludo.csproj", "{013F2534-1090-E119-F0E5-2B4344720FDC}"
EndProject
Global
	GlobalSection(SolutionConfigurationPlatforms) = preSolution
		Debug|Any CPU = Debug|Any CPU
		Release|Any CPU = Release|Any CPU
	EndGlobalSection
	GlobalSection(ProjectConfigurationPlatforms) = postSolution
		{013F2534-1090-E119-F0E5-2B4344720FDC}.Debug|Any CPU.ActiveCfg = Debug|Any CPU
		{013F2534-1090-E119-F0E5-2B4344720FDC}.Debug|Any CPU.Build.0 = Debug|Any CPU
		{013F2534-1090-E119-F0E5-2B4344720FDC}.Release|Any CPU.ActiveCfg = Release|Any CPU
		{013F2534-1090-E119-F0E5-2B4344720FDC}.Release|Any CPU.Build.0 = Release|Any CPU
	EndGlobalSection
	GlobalSection(SolutionProperties) = preSolution
		HideSolutionNode = FALSE
	EndGlobalSection
EndGlobal
