Microsoft Visual Studio Solution File, Format Version 11.00
# Visual Studio 2010
Project("{E097FAD1-6243-4DAD-9C02-E9B9EFC3FFC1}") = "Assembly-CSharp", "Assembly-CSharp.csproj", "{D89D3D75-8E88-C427-B3F2-C7DB663F9575}"
EndProject
Project("{E097FAD1-6243-4DAD-9C02-E9B9EFC3FFC1}") = "Assembly-CSharp-Editor-firstpass", "Assembly-CSharp-Editor-firstpass.csproj", "{7FD904B8-E446-BC11-3646-BECF21FA65D2}"
EndProject
Global
	GlobalSection(SolutionConfigurationPlatforms) = preSolution
		Debug|Any CPU = Debug|Any CPU
		Release|Any CPU = Release|Any CPU
	EndGlobalSection
	GlobalSection(ProjectConfigurationPlatforms) = postSolution
		{D89D3D75-8E88-C427-B3F2-C7DB663F9575}.Debug|Any CPU.ActiveCfg = Debug|Any CPU
		{D89D3D75-8E88-C427-B3F2-C7DB663F9575}.Debug|Any CPU.Build.0 = Debug|Any CPU
		{D89D3D75-8E88-C427-B3F2-C7DB663F9575}.Release|Any CPU.ActiveCfg = Release|Any CPU
		{D89D3D75-8E88-C427-B3F2-C7DB663F9575}.Release|Any CPU.Build.0 = Release|Any CPU
		{7FD904B8-E446-BC11-3646-BECF21FA65D2}.Debug|Any CPU.ActiveCfg = Debug|Any CPU
		{7FD904B8-E446-BC11-3646-BECF21FA65D2}.Debug|Any CPU.Build.0 = Debug|Any CPU
		{7FD904B8-E446-BC11-3646-BECF21FA65D2}.Release|Any CPU.ActiveCfg = Release|Any CPU
		{7FD904B8-E446-BC11-3646-BECF21FA65D2}.Release|Any CPU.Build.0 = Release|Any CPU
	EndGlobalSection
	GlobalSection(SolutionProperties) = preSolution
		HideSolutionNode = FALSE
	EndGlobalSection
	GlobalSection(MonoDevelopProperties) = preSolution
		StartupItem = Assembly-CSharp.csproj
	EndGlobalSection
EndGlobal
